
Microsoft Visual Studio Solution File, Format Version 12.00
# Visual Studio Version 16
VisualStudioVersion = 16.0.31205.134
MinimumVisualStudioVersion = 10.0.40219.1
Project("{8BC9CEB8-8B4A-11D0-8D11-00A0C91BC942}") = "umba-dll-proxy-gen", "_prj_msvc\umba-dll-proxy-gen.vcxproj", "{BE6616F9-2BCC-43F1-91F0-A20D5A096980}"
EndProject
Global
	GlobalSection(SolutionConfigurationPlatforms) = preSolution
		Debug|x64 = Debug|x64
		Debug|x86 = Debug|x86
		MinSizeRel|x64 = MinSizeRel|x64
		MinSizeRel|x86 = MinSizeRel|x86
		Release|x64 = Release|x64
		Release|x86 = Release|x86
		RelWithDebInfo|x64 = RelWithDebInfo|x64
		RelWithDebInfo|x86 = RelWithDebInfo|x86
	EndGlobalSection
	GlobalSection(ProjectConfigurationPlatforms) = postSolution
		{BE6616F9-2BCC-43F1-91F0-A20D5A096980}.Debug|x64.ActiveCfg = Debug|x64
		{BE6616F9-2BCC-43F1-91F0-A20D5A096980}.Debug|x64.Build.0 = Debug|x64
		{BE6616F9-2BCC-43F1-91F0-A20D5A096980}.Debug|x86.ActiveCfg = Debug|Win32
		{BE6616F9-2BCC-43F1-91F0-A20D5A096980}.Debug|x86.Build.0 = Debug|Win32
		{BE6616F9-2BCC-43F1-91F0-A20D5A096980}.MinSizeRel|x64.ActiveCfg = MinSizeRel|x64
		{BE6616F9-2BCC-43F1-91F0-A20D5A096980}.MinSizeRel|x64.Build.0 = MinSizeRel|x64
		{BE6616F9-2BCC-43F1-91F0-A20D5A096980}.MinSizeRel|x86.ActiveCfg = MinSizeRel|x64
		{BE6616F9-2BCC-43F1-91F0-A20D5A096980}.Release|x64.ActiveCfg = Release|x64
		{BE6616F9-2BCC-43F1-91F0-A20D5A096980}.Release|x64.Build.0 = Release|x64
		{BE6616F9-2BCC-43F1-91F0-A20D5A096980}.Release|x86.ActiveCfg = Release|Win32
		{BE6616F9-2BCC-43F1-91F0-A20D5A096980}.Release|x86.Build.0 = Release|Win32
		{BE6616F9-2BCC-43F1-91F0-A20D5A096980}.RelWithDebInfo|x64.ActiveCfg = RelWithDebInfo|Win32
		{BE6616F9-2BCC-43F1-91F0-A20D5A096980}.RelWithDebInfo|x86.ActiveCfg = RelWithDebInfo|Win32
		{BE6616F9-2BCC-43F1-91F0-A20D5A096980}.RelWithDebInfo|x86.Build.0 = RelWithDebInfo|Win32
	EndGlobalSection
	GlobalSection(SolutionProperties) = preSolution
		HideSolutionNode = FALSE
	EndGlobalSection
	GlobalSection(ExtensibilityGlobals) = postSolution
		SolutionGuid = {62E73D0C-3399-4D95-B726-4BD69137F851}
	EndGlobalSection
EndGlobal
